
Microsoft Visual Studio Solution File, Format Version 12.00
# Visual Studio Version 16
VisualStudioVersion = 16.6.30114.105
MinimumVisualStudioVersion = 10.0.40219.1
Project("{2150E333-8FDC-42A3-9474-1A3956D46DE8}") = "src", "src", "{5E59C222-AC44-470E-9216-EAC764231996}"
EndProject
Project("{2150E333-8FDC-42A3-9474-1A3956D46DE8}") = "02_Framework", "02_Framework", "{5E59C222-AC44-470E-9216-EAC764231997}"
EndProject
Project("{2150E333-8FDC-42A3-9474-1A3956D46DE8}") = "01_Modules", "01_Modules", "{5E59C222-AC44-470E-9216-EAC764231998}"
EndProject
Project("{2150E333-8FDC-42A3-9474-1A3956D46DE8}") = "00_Host", "00_Host", "{263FEEE4-9B66-45AD-B3A1-4EE87AA5545E}"
EndProject
Project("{9A19103F-16F7-4668-BE54-9A1E7A4F7556}") = "WebHost", "src\Host\WebHost\WebHost.csproj", "{C4BC8CF2-ECB5-4418-9814-F7E586341D74}"
EndProject
Project("{2150E333-8FDC-42A3-9474-1A3956D46DE8}") = "Admin", "Admin", "{F3855FEB-69F2-4B60-936D-3C3B809D3933}"
EndProject
Project("{9A19103F-16F7-4668-BE54-9A1E7A4F7556}") = "Web", "src\Modules\Admin\Web\Web.csproj", "{1FBC3D20-50B4-4B16-B410-69835F55FC1F}"
EndProject
Project("{2150E333-8FDC-42A3-9474-1A3956D46DE8}") = "00_Module", "00_Module", "{CD2EB848-5965-4F33-8BD7-67DCD8F34CDA}"
EndProject
Project("{9A19103F-16F7-4668-BE54-9A1E7A4F7556}") = "Module.Abstractions", "src\Framework\Module\Module.Abstractions\Module.Abstractions.csproj", "{4AE34BEF-240D-4D1E-96AF-947907631E1A}"
EndProject
Project("{2150E333-8FDC-42A3-9474-1A3956D46DE8}") = "02_Utils", "02_Utils", "{E34F33CD-4ED9-4540-8771-C8307E8CCA01}"
EndProject
Project("{9A19103F-16F7-4668-BE54-9A1E7A4F7556}") = "Utils.Core", "src\Framework\Utils\Utils.Core\Utils.Core.csproj", "{A95B2845-66A5-4E19-8B06-A4C577B92951}"
EndProject
Project("{9A19103F-16F7-4668-BE54-9A1E7A4F7556}") = "Module.AspNetCore", "src\Framework\Module\Module.AspNetCore\Module.AspNetCore.csproj", "{A47EA785-7515-4DE8-B619-16566AED398E}"
EndProject
Project("{2150E333-8FDC-42A3-9474-1A3956D46DE8}") = "01_Host", "01_Host", "{C835CBB9-5413-45E0-90C7-A16343D111AD}"
EndProject
Project("{9A19103F-16F7-4668-BE54-9A1E7A4F7556}") = "Host.Web", "src\Framework\Host\Host.Web\Host.Web.csproj", "{8B54FB53-41D7-4AB5-BD33-1528BFCEBE07}"
EndProject
Project("{2150E333-8FDC-42A3-9474-1A3956D46DE8}") = "04_Logging", "04_Logging", "{D5840503-879A-46E6-BC12-F58229E38961}"
EndProject
Project("{9A19103F-16F7-4668-BE54-9A1E7A4F7556}") = "Logging.Serilog", "src\Framework\Logging\Logging.Serilog\Logging.Serilog.csproj", "{1FFA6F3C-258C-409A-94FD-9A56E066DCF5}"
EndProject
Project("{2150E333-8FDC-42A3-9474-1A3956D46DE8}") = "03_Data", "03_Data", "{07FDBCA5-FAF8-47C5-942B-6E5478C38B40}"
EndProject
Project("{2150E333-8FDC-42A3-9474-1A3956D46DE8}") = "05_Mapper", "05_Mapper", "{C7E1DCCC-F123-4740-A4F5-C6C56FDD8FE0}"
EndProject
Project("{9A19103F-16F7-4668-BE54-9A1E7A4F7556}") = "Mapper.AutoMapper", "src\Framework\Mapper\Mapper.AutoMapper\Mapper.AutoMapper.csproj", "{F986870C-3E18-4156-98DA-43612B78B598}"
EndProject
Project("{2150E333-8FDC-42A3-9474-1A3956D46DE8}") = "Library", "Library", "{EDD7A664-9909-44AB-B7EB-235026BF92B5}"
EndProject
Project("{2150E333-8FDC-42A3-9474-1A3956D46DE8}") = "06_Swagger", "06_Swagger", "{822C3CF0-5912-4D33-B20C-5509E877A6C2}"
EndProject
Project("{9A19103F-16F7-4668-BE54-9A1E7A4F7556}") = "Swagger.Core", "src\Framework\Swagger\Swagger.Core\Swagger.Core.csproj", "{0A534549-DC6C-4AAC-8AE6-82A189C05ABA}"
EndProject
Project("{2150E333-8FDC-42A3-9474-1A3956D46DE8}") = "07_Cache", "07_Cache", "{00AE7307-787C-4CAB-92D6-AA199A2C6033}"
EndProject
Project("{9A19103F-16F7-4668-BE54-9A1E7A4F7556}") = "Cache.Abstractions", "src\Framework\Cache\Cache.Abstractions\Cache.Abstractions.csproj", "{89D41084-E441-4239-8D79-274651252273}"
EndProject
Project("{9A19103F-16F7-4668-BE54-9A1E7A4F7556}") = "Cache.Redis", "src\Framework\Cache\Cache.Redis\Cache.Redis.csproj", "{2A5E142C-C854-4378-9E03-EF35F4D70F6D}"
EndProject
Project("{9A19103F-16F7-4668-BE54-9A1E7A4F7556}") = "Cache.AspNetCore", "src\Framework\Cache\Cache.AspNetCore\Cache.AspNetCore.csproj", "{D757003F-7F7C-4C14-AD13-D276F2EE2D2E}"
EndProject
Project("{2150E333-8FDC-42A3-9474-1A3956D46DE8}") = "08_Auth", "08_Auth", "{260D704F-9060-45FF-BD52-845953D00735}"
EndProject
Project("{FAE04EC0-301F-11D3-BF4B-00C04F79EFBC}") = "Data.Abstractions", "src\Framework\Data\Data.Abstractions\Data.Abstractions.csproj", "{58555268-1937-4A07-B2E9-C17BC7B14E66}"
EndProject
Project("{FAE04EC0-301F-11D3-BF4B-00C04F79EFBC}") = "Data.AspNetCore", "src\Framework\Data\Data.AspNetCore\Data.AspNetCore.csproj", "{94D0DDB5-BACC-43EF-80D4-AE799F51CEEA}"
EndProject
Global
	GlobalSection(SolutionConfigurationPlatforms) = preSolution
		Debug|Any CPU = Debug|Any CPU
		Debug|x64 = Debug|x64
		Debug|x86 = Debug|x86
		Release|Any CPU = Release|Any CPU
		Release|x64 = Release|x64
		Release|x86 = Release|x86
	EndGlobalSection
	GlobalSection(ProjectConfigurationPlatforms) = postSolution
		{C4BC8CF2-ECB5-4418-9814-F7E586341D74}.Debug|Any CPU.ActiveCfg = Debug|Any CPU
		{C4BC8CF2-ECB5-4418-9814-F7E586341D74}.Debug|Any CPU.Build.0 = Debug|Any CPU
		{C4BC8CF2-ECB5-4418-9814-F7E586341D74}.Debug|x64.ActiveCfg = Debug|Any CPU
		{C4BC8CF2-ECB5-4418-9814-F7E586341D74}.Debug|x64.Build.0 = Debug|Any CPU
		{C4BC8CF2-ECB5-4418-9814-F7E586341D74}.Debug|x86.ActiveCfg = Debug|Any CPU
		{C4BC8CF2-ECB5-4418-9814-F7E586341D74}.Debug|x86.Build.0 = Debug|Any CPU
		{C4BC8CF2-ECB5-4418-9814-F7E586341D74}.Release|Any CPU.ActiveCfg = Release|Any CPU
		{C4BC8CF2-ECB5-4418-9814-F7E586341D74}.Release|Any CPU.Build.0 = Release|Any CPU
		{C4BC8CF2-ECB5-4418-9814-F7E586341D74}.Release|x64.ActiveCfg = Release|Any CPU
		{C4BC8CF2-ECB5-4418-9814-F7E586341D74}.Release|x64.Build.0 = Release|Any CPU
		{C4BC8CF2-ECB5-4418-9814-F7E586341D74}.Release|x86.ActiveCfg = Release|Any CPU
		{C4BC8CF2-ECB5-4418-9814-F7E586341D74}.Release|x86.Build.0 = Release|Any CPU
		{1FBC3D20-50B4-4B16-B410-69835F55FC1F}.Debug|Any CPU.ActiveCfg = Debug|Any CPU
		{1FBC3D20-50B4-4B16-B410-69835F55FC1F}.Debug|Any CPU.Build.0 = Debug|Any CPU
		{1FBC3D20-50B4-4B16-B410-69835F55FC1F}.Debug|x64.ActiveCfg = Debug|Any CPU
		{1FBC3D20-50B4-4B16-B410-69835F55FC1F}.Debug|x64.Build.0 = Debug|Any CPU
		{1FBC3D20-50B4-4B16-B410-69835F55FC1F}.Debug|x86.ActiveCfg = Debug|Any CPU
		{1FBC3D20-50B4-4B16-B410-69835F55FC1F}.Debug|x86.Build.0 = Debug|Any CPU
		{1FBC3D20-50B4-4B16-B410-69835F55FC1F}.Release|Any CPU.ActiveCfg = Release|Any CPU
		{1FBC3D20-50B4-4B16-B410-69835F55FC1F}.Release|Any CPU.Build.0 = Release|Any CPU
		{1FBC3D20-50B4-4B16-B410-69835F55FC1F}.Release|x64.ActiveCfg = Release|Any CPU
		{1FBC3D20-50B4-4B16-B410-69835F55FC1F}.Release|x64.Build.0 = Release|Any CPU
		{1FBC3D20-50B4-4B16-B410-69835F55FC1F}.Release|x86.ActiveCfg = Release|Any CPU
		{1FBC3D20-50B4-4B16-B410-69835F55FC1F}.Release|x86.Build.0 = Release|Any CPU
		{4AE34BEF-240D-4D1E-96AF-947907631E1A}.Debug|Any CPU.ActiveCfg = Debug|Any CPU
		{4AE34BEF-240D-4D1E-96AF-947907631E1A}.Debug|Any CPU.Build.0 = Debug|Any CPU
		{4AE34BEF-240D-4D1E-96AF-947907631E1A}.Debug|x64.ActiveCfg = Debug|Any CPU
		{4AE34BEF-240D-4D1E-96AF-947907631E1A}.Debug|x64.Build.0 = Debug|Any CPU
		{4AE34BEF-240D-4D1E-96AF-947907631E1A}.Debug|x86.ActiveCfg = Debug|Any CPU
		{4AE34BEF-240D-4D1E-96AF-947907631E1A}.Debug|x86.Build.0 = Debug|Any CPU
		{4AE34BEF-240D-4D1E-96AF-947907631E1A}.Release|Any CPU.ActiveCfg = Release|Any CPU
		{4AE34BEF-240D-4D1E-96AF-947907631E1A}.Release|Any CPU.Build.0 = Release|Any CPU
		{4AE34BEF-240D-4D1E-96AF-947907631E1A}.Release|x64.ActiveCfg = Release|Any CPU
		{4AE34BEF-240D-4D1E-96AF-947907631E1A}.Release|x64.Build.0 = Release|Any CPU
		{4AE34BEF-240D-4D1E-96AF-947907631E1A}.Release|x86.ActiveCfg = Release|Any CPU
		{4AE34BEF-240D-4D1E-96AF-947907631E1A}.Release|x86.Build.0 = Release|Any CPU
		{A95B2845-66A5-4E19-8B06-A4C577B92951}.Debug|Any CPU.ActiveCfg = Debug|Any CPU
		{A95B2845-66A5-4E19-8B06-A4C577B92951}.Debug|Any CPU.Build.0 = Debug|Any CPU
		{A95B2845-66A5-4E19-8B06-A4C577B92951}.Debug|x64.ActiveCfg = Debug|Any CPU
		{A95B2845-66A5-4E19-8B06-A4C577B92951}.Debug|x64.Build.0 = Debug|Any CPU
		{A95B2845-66A5-4E19-8B06-A4C577B92951}.Debug|x86.ActiveCfg = Debug|Any CPU
		{A95B2845-66A5-4E19-8B06-A4C577B92951}.Debug|x86.Build.0 = Debug|Any CPU
		{A95B2845-66A5-4E19-8B06-A4C577B92951}.Release|Any CPU.ActiveCfg = Release|Any CPU
		{A95B2845-66A5-4E19-8B06-A4C577B92951}.Release|Any CPU.Build.0 = Release|Any CPU
		{A95B2845-66A5-4E19-8B06-A4C577B92951}.Release|x64.ActiveCfg = Release|Any CPU
		{A95B2845-66A5-4E19-8B06-A4C577B92951}.Release|x64.Build.0 = Release|Any CPU
		{A95B2845-66A5-4E19-8B06-A4C577B92951}.Release|x86.ActiveCfg = Release|Any CPU
		{A95B2845-66A5-4E19-8B06-A4C577B92951}.Release|x86.Build.0 = Release|Any CPU
		{A47EA785-7515-4DE8-B619-16566AED398E}.Debug|Any CPU.ActiveCfg = Debug|Any CPU
		{A47EA785-7515-4DE8-B619-16566AED398E}.Debug|Any CPU.Build.0 = Debug|Any CPU
		{A47EA785-7515-4DE8-B619-16566AED398E}.Debug|x64.ActiveCfg = Debug|Any CPU
		{A47EA785-7515-4DE8-B619-16566AED398E}.Debug|x64.Build.0 = Debug|Any CPU
		{A47EA785-7515-4DE8-B619-16566AED398E}.Debug|x86.ActiveCfg = Debug|Any CPU
		{A47EA785-7515-4DE8-B619-16566AED398E}.Debug|x86.Build.0 = Debug|Any CPU
		{A47EA785-7515-4DE8-B619-16566AED398E}.Release|Any CPU.ActiveCfg = Release|Any CPU
		{A47EA785-7515-4DE8-B619-16566AED398E}.Release|Any CPU.Build.0 = Release|Any CPU
		{A47EA785-7515-4DE8-B619-16566AED398E}.Release|x64.ActiveCfg = Release|Any CPU
		{A47EA785-7515-4DE8-B619-16566AED398E}.Release|x64.Build.0 = Release|Any CPU
		{A47EA785-7515-4DE8-B619-16566AED398E}.Release|x86.ActiveCfg = Release|Any CPU
		{A47EA785-7515-4DE8-B619-16566AED398E}.Release|x86.Build.0 = Release|Any CPU
		{8B54FB53-41D7-4AB5-BD33-1528BFCEBE07}.Debug|Any CPU.ActiveCfg = Debug|Any CPU
		{8B54FB53-41D7-4AB5-BD33-1528BFCEBE07}.Debug|Any CPU.Build.0 = Debug|Any CPU
		{8B54FB53-41D7-4AB5-BD33-1528BFCEBE07}.Debug|x64.ActiveCfg = Debug|Any CPU
		{8B54FB53-41D7-4AB5-BD33-1528BFCEBE07}.Debug|x64.Build.0 = Debug|Any CPU
		{8B54FB53-41D7-4AB5-BD33-1528BFCEBE07}.Debug|x86.ActiveCfg = Debug|Any CPU
		{8B54FB53-41D7-4AB5-BD33-1528BFCEBE07}.Debug|x86.Build.0 = Debug|Any CPU
		{8B54FB53-41D7-4AB5-BD33-1528BFCEBE07}.Release|Any CPU.ActiveCfg = Release|Any CPU
		{8B54FB53-41D7-4AB5-BD33-1528BFCEBE07}.Release|Any CPU.Build.0 = Release|Any CPU
		{8B54FB53-41D7-4AB5-BD33-1528BFCEBE07}.Release|x64.ActiveCfg = Release|Any CPU
		{8B54FB53-41D7-4AB5-BD33-1528BFCEBE07}.Release|x64.Build.0 = Release|Any CPU
		{8B54FB53-41D7-4AB5-BD33-1528BFCEBE07}.Release|x86.ActiveCfg = Release|Any CPU
		{8B54FB53-41D7-4AB5-BD33-1528BFCEBE07}.Release|x86.Build.0 = Release|Any CPU
		{1FFA6F3C-258C-409A-94FD-9A56E066DCF5}.Debug|Any CPU.ActiveCfg = Debug|Any CPU
		{1FFA6F3C-258C-409A-94FD-9A56E066DCF5}.Debug|Any CPU.Build.0 = Debug|Any CPU
		{1FFA6F3C-258C-409A-94FD-9A56E066DCF5}.Debug|x64.ActiveCfg = Debug|Any CPU
		{1FFA6F3C-258C-409A-94FD-9A56E066DCF5}.Debug|x64.Build.0 = Debug|Any CPU
		{1FFA6F3C-258C-409A-94FD-9A56E066DCF5}.Debug|x86.ActiveCfg = Debug|Any CPU
		{1FFA6F3C-258C-409A-94FD-9A56E066DCF5}.Debug|x86.Build.0 = Debug|Any CPU
		{1FFA6F3C-258C-409A-94FD-9A56E066DCF5}.Release|Any CPU.ActiveCfg = Release|Any CPU
		{1FFA6F3C-258C-409A-94FD-9A56E066DCF5}.Release|Any CPU.Build.0 = Release|Any CPU
		{1FFA6F3C-258C-409A-94FD-9A56E066DCF5}.Release|x64.ActiveCfg = Release|Any CPU
		{1FFA6F3C-258C-409A-94FD-9A56E066DCF5}.Release|x64.Build.0 = Release|Any CPU
		{1FFA6F3C-258C-409A-94FD-9A56E066DCF5}.Release|x86.ActiveCfg = Release|Any CPU
		{1FFA6F3C-258C-409A-94FD-9A56E066DCF5}.Release|x86.Build.0 = Release|Any CPU
		{F986870C-3E18-4156-98DA-43612B78B598}.Debug|Any CPU.ActiveCfg = Debug|Any CPU
		{F986870C-3E18-4156-98DA-43612B78B598}.Debug|Any CPU.Build.0 = Debug|Any CPU
		{F986870C-3E18-4156-98DA-43612B78B598}.Debug|x64.ActiveCfg = Debug|Any CPU
		{F986870C-3E18-4156-98DA-43612B78B598}.Debug|x64.Build.0 = Debug|Any CPU
		{F986870C-3E18-4156-98DA-43612B78B598}.Debug|x86.ActiveCfg = Debug|Any CPU
		{F986870C-3E18-4156-98DA-43612B78B598}.Debug|x86.Build.0 = Debug|Any CPU
		{F986870C-3E18-4156-98DA-43612B78B598}.Release|Any CPU.ActiveCfg = Release|Any CPU
		{F986870C-3E18-4156-98DA-43612B78B598}.Release|Any CPU.Build.0 = Release|Any CPU
		{F986870C-3E18-4156-98DA-43612B78B598}.Release|x64.ActiveCfg = Release|Any CPU
		{F986870C-3E18-4156-98DA-43612B78B598}.Release|x64.Build.0 = Release|Any CPU
		{F986870C-3E18-4156-98DA-43612B78B598}.Release|x86.ActiveCfg = Release|Any CPU
		{F986870C-3E18-4156-98DA-43612B78B598}.Release|x86.Build.0 = Release|Any CPU
		{0A534549-DC6C-4AAC-8AE6-82A189C05ABA}.Debug|Any CPU.ActiveCfg = Debug|Any CPU
		{0A534549-DC6C-4AAC-8AE6-82A189C05ABA}.Debug|Any CPU.Build.0 = Debug|Any CPU
		{0A534549-DC6C-4AAC-8AE6-82A189C05ABA}.Debug|x64.ActiveCfg = Debug|Any CPU
		{0A534549-DC6C-4AAC-8AE6-82A189C05ABA}.Debug|x64.Build.0 = Debug|Any CPU
		{0A534549-DC6C-4AAC-8AE6-82A189C05ABA}.Debug|x86.ActiveCfg = Debug|Any CPU
		{0A534549-DC6C-4AAC-8AE6-82A189C05ABA}.Debug|x86.Build.0 = Debug|Any CPU
		{0A534549-DC6C-4AAC-8AE6-82A189C05ABA}.Release|Any CPU.ActiveCfg = Release|Any CPU
		{0A534549-DC6C-4AAC-8AE6-82A189C05ABA}.Release|Any CPU.Build.0 = Release|Any CPU
		{0A534549-DC6C-4AAC-8AE6-82A189C05ABA}.Release|x64.ActiveCfg = Release|Any CPU
		{0A534549-DC6C-4AAC-8AE6-82A189C05ABA}.Release|x64.Build.0 = Release|Any CPU
		{0A534549-DC6C-4AAC-8AE6-82A189C05ABA}.Release|x86.ActiveCfg = Release|Any CPU
		{0A534549-DC6C-4AAC-8AE6-82A189C05ABA}.Release|x86.Build.0 = Release|Any CPU
		{89D41084-E441-4239-8D79-274651252273}.Debug|Any CPU.ActiveCfg = Debug|Any CPU
		{89D41084-E441-4239-8D79-274651252273}.Debug|Any CPU.Build.0 = Debug|Any CPU
		{89D41084-E441-4239-8D79-274651252273}.Debug|x64.ActiveCfg = Debug|Any CPU
		{89D41084-E441-4239-8D79-274651252273}.Debug|x64.Build.0 = Debug|Any CPU
		{89D41084-E441-4239-8D79-274651252273}.Debug|x86.ActiveCfg = Debug|Any CPU
		{89D41084-E441-4239-8D79-274651252273}.Debug|x86.Build.0 = Debug|Any CPU
		{89D41084-E441-4239-8D79-274651252273}.Release|Any CPU.ActiveCfg = Release|Any CPU
		{89D41084-E441-4239-8D79-274651252273}.Release|Any CPU.Build.0 = Release|Any CPU
		{89D41084-E441-4239-8D79-274651252273}.Release|x64.ActiveCfg = Release|Any CPU
		{89D41084-E441-4239-8D79-274651252273}.Release|x64.Build.0 = Release|Any CPU
		{89D41084-E441-4239-8D79-274651252273}.Release|x86.ActiveCfg = Release|Any CPU
		{89D41084-E441-4239-8D79-274651252273}.Release|x86.Build.0 = Release|Any CPU
		{2A5E142C-C854-4378-9E03-EF35F4D70F6D}.Debug|Any CPU.ActiveCfg = Debug|Any CPU
		{2A5E142C-C854-4378-9E03-EF35F4D70F6D}.Debug|Any CPU.Build.0 = Debug|Any CPU
		{2A5E142C-C854-4378-9E03-EF35F4D70F6D}.Debug|x64.ActiveCfg = Debug|Any CPU
		{2A5E142C-C854-4378-9E03-EF35F4D70F6D}.Debug|x64.Build.0 = Debug|Any CPU
		{2A5E142C-C854-4378-9E03-EF35F4D70F6D}.Debug|x86.ActiveCfg = Debug|Any CPU
		{2A5E142C-C854-4378-9E03-EF35F4D70F6D}.Debug|x86.Build.0 = Debug|Any CPU
		{2A5E142C-C854-4378-9E03-EF35F4D70F6D}.Release|Any CPU.ActiveCfg = Release|Any CPU
		{2A5E142C-C854-4378-9E03-EF35F4D70F6D}.Release|Any CPU.Build.0 = Release|Any CPU
		{2A5E142C-C854-4378-9E03-EF35F4D70F6D}.Release|x64.ActiveCfg = Release|Any CPU
		{2A5E142C-C854-4378-9E03-EF35F4D70F6D}.Release|x64.Build.0 = Release|Any CPU
		{2A5E142C-C854-4378-9E03-EF35F4D70F6D}.Release|x86.ActiveCfg = Release|Any CPU
		{2A5E142C-C854-4378-9E03-EF35F4D70F6D}.Release|x86.Build.0 = Release|Any CPU
		{D757003F-7F7C-4C14-AD13-D276F2EE2D2E}.Debug|Any CPU.ActiveCfg = Debug|Any CPU
		{D757003F-7F7C-4C14-AD13-D276F2EE2D2E}.Debug|Any CPU.Build.0 = Debug|Any CPU
		{D757003F-7F7C-4C14-AD13-D276F2EE2D2E}.Debug|x64.ActiveCfg = Debug|Any CPU
		{D757003F-7F7C-4C14-AD13-D276F2EE2D2E}.Debug|x64.Build.0 = Debug|Any CPU
		{D757003F-7F7C-4C14-AD13-D276F2EE2D2E}.Debug|x86.ActiveCfg = Debug|Any CPU
		{D757003F-7F7C-4C14-AD13-D276F2EE2D2E}.Debug|x86.Build.0 = Debug|Any CPU
		{D757003F-7F7C-4C14-AD13-D276F2EE2D2E}.Release|Any CPU.ActiveCfg = Release|Any CPU
		{D757003F-7F7C-4C14-AD13-D276F2EE2D2E}.Release|Any CPU.Build.0 = Release|Any CPU
		{D757003F-7F7C-4C14-AD13-D276F2EE2D2E}.Release|x64.ActiveCfg = Release|Any CPU
		{D757003F-7F7C-4C14-AD13-D276F2EE2D2E}.Release|x64.Build.0 = Release|Any CPU
		{D757003F-7F7C-4C14-AD13-D276F2EE2D2E}.Release|x86.ActiveCfg = Release|Any CPU
		{D757003F-7F7C-4C14-AD13-D276F2EE2D2E}.Release|x86.Build.0 = Release|Any CPU
		{58555268-1937-4A07-B2E9-C17BC7B14E66}.Debug|Any CPU.ActiveCfg = Debug|Any CPU
		{58555268-1937-4A07-B2E9-C17BC7B14E66}.Debug|Any CPU.Build.0 = Debug|Any CPU
		{58555268-1937-4A07-B2E9-C17BC7B14E66}.Debug|x64.ActiveCfg = Debug|Any CPU
		{58555268-1937-4A07-B2E9-C17BC7B14E66}.Debug|x64.Build.0 = Debug|Any CPU
		{58555268-1937-4A07-B2E9-C17BC7B14E66}.Debug|x86.ActiveCfg = Debug|Any CPU
		{58555268-1937-4A07-B2E9-C17BC7B14E66}.Debug|x86.Build.0 = Debug|Any CPU
		{58555268-1937-4A07-B2E9-C17BC7B14E66}.Release|Any CPU.ActiveCfg = Release|Any CPU
		{58555268-1937-4A07-B2E9-C17BC7B14E66}.Release|Any CPU.Build.0 = Release|Any CPU
		{58555268-1937-4A07-B2E9-C17BC7B14E66}.Release|x64.ActiveCfg = Release|Any CPU
		{58555268-1937-4A07-B2E9-C17BC7B14E66}.Release|x64.Build.0 = Release|Any CPU
		{58555268-1937-4A07-B2E9-C17BC7B14E66}.Release|x86.ActiveCfg = Release|Any CPU
		{58555268-1937-4A07-B2E9-C17BC7B14E66}.Release|x86.Build.0 = Release|Any CPU
		{94D0DDB5-BACC-43EF-80D4-AE799F51CEEA}.Debug|Any CPU.ActiveCfg = Debug|Any CPU
		{94D0DDB5-BACC-43EF-80D4-AE799F51CEEA}.Debug|Any CPU.Build.0 = Debug|Any CPU
		{94D0DDB5-BACC-43EF-80D4-AE799F51CEEA}.Debug|x64.ActiveCfg = Debug|Any CPU
		{94D0DDB5-BACC-43EF-80D4-AE799F51CEEA}.Debug|x64.Build.0 = Debug|Any CPU
		{94D0DDB5-BACC-43EF-80D4-AE799F51CEEA}.Debug|x86.ActiveCfg = Debug|Any CPU
		{94D0DDB5-BACC-43EF-80D4-AE799F51CEEA}.Debug|x86.Build.0 = Debug|Any CPU
		{94D0DDB5-BACC-43EF-80D4-AE799F51CEEA}.Release|Any CPU.ActiveCfg = Release|Any CPU
		{94D0DDB5-BACC-43EF-80D4-AE799F51CEEA}.Release|Any CPU.Build.0 = Release|Any CPU
		{94D0DDB5-BACC-43EF-80D4-AE799F51CEEA}.Release|x64.ActiveCfg = Release|Any CPU
		{94D0DDB5-BACC-43EF-80D4-AE799F51CEEA}.Release|x64.Build.0 = Release|Any CPU
		{94D0DDB5-BACC-43EF-80D4-AE799F51CEEA}.Release|x86.ActiveCfg = Release|Any CPU
		{94D0DDB5-BACC-43EF-80D4-AE799F51CEEA}.Release|x86.Build.0 = Release|Any CPU
	EndGlobalSection
	GlobalSection(SolutionProperties) = preSolution
		HideSolutionNode = FALSE
	EndGlobalSection
	GlobalSection(NestedProjects) = preSolution
		{5E59C222-AC44-470E-9216-EAC764231997} = {5E59C222-AC44-470E-9216-EAC764231996}
		{5E59C222-AC44-470E-9216-EAC764231998} = {5E59C222-AC44-470E-9216-EAC764231996}
		{263FEEE4-9B66-45AD-B3A1-4EE87AA5545E} = {5E59C222-AC44-470E-9216-EAC764231996}
		{C4BC8CF2-ECB5-4418-9814-F7E586341D74} = {263FEEE4-9B66-45AD-B3A1-4EE87AA5545E}
		{F3855FEB-69F2-4B60-936D-3C3B809D3933} = {5E59C222-AC44-470E-9216-EAC764231998}
		{1FBC3D20-50B4-4B16-B410-69835F55FC1F} = {F3855FEB-69F2-4B60-936D-3C3B809D3933}
		{CD2EB848-5965-4F33-8BD7-67DCD8F34CDA} = {5E59C222-AC44-470E-9216-EAC764231997}
		{4AE34BEF-240D-4D1E-96AF-947907631E1A} = {CD2EB848-5965-4F33-8BD7-67DCD8F34CDA}
		{E34F33CD-4ED9-4540-8771-C8307E8CCA01} = {5E59C222-AC44-470E-9216-EAC764231997}
		{A95B2845-66A5-4E19-8B06-A4C577B92951} = {E34F33CD-4ED9-4540-8771-C8307E8CCA01}
		{A47EA785-7515-4DE8-B619-16566AED398E} = {CD2EB848-5965-4F33-8BD7-67DCD8F34CDA}
		{C835CBB9-5413-45E0-90C7-A16343D111AD} = {5E59C222-AC44-470E-9216-EAC764231997}
		{8B54FB53-41D7-4AB5-BD33-1528BFCEBE07} = {C835CBB9-5413-45E0-90C7-A16343D111AD}
		{D5840503-879A-46E6-BC12-F58229E38961} = {5E59C222-AC44-470E-9216-EAC764231997}
		{1FFA6F3C-258C-409A-94FD-9A56E066DCF5} = {D5840503-879A-46E6-BC12-F58229E38961}
		{07FDBCA5-FAF8-47C5-942B-6E5478C38B40} = {5E59C222-AC44-470E-9216-EAC764231997}
		{C7E1DCCC-F123-4740-A4F5-C6C56FDD8FE0} = {5E59C222-AC44-470E-9216-EAC764231997}
		{F986870C-3E18-4156-98DA-43612B78B598} = {C7E1DCCC-F123-4740-A4F5-C6C56FDD8FE0}
		{EDD7A664-9909-44AB-B7EB-235026BF92B5} = {F3855FEB-69F2-4B60-936D-3C3B809D3933}
		{822C3CF0-5912-4D33-B20C-5509E877A6C2} = {5E59C222-AC44-470E-9216-EAC764231997}
		{0A534549-DC6C-4AAC-8AE6-82A189C05ABA} = {822C3CF0-5912-4D33-B20C-5509E877A6C2}
		{00AE7307-787C-4CAB-92D6-AA199A2C6033} = {5E59C222-AC44-470E-9216-EAC764231997}
		{89D41084-E441-4239-8D79-274651252273} = {00AE7307-787C-4CAB-92D6-AA199A2C6033}
		{2A5E142C-C854-4378-9E03-EF35F4D70F6D} = {00AE7307-787C-4CAB-92D6-AA199A2C6033}
		{D757003F-7F7C-4C14-AD13-D276F2EE2D2E} = {00AE7307-787C-4CAB-92D6-AA199A2C6033}
		{260D704F-9060-45FF-BD52-845953D00735} = {5E59C222-AC44-470E-9216-EAC764231997}
		{58555268-1937-4A07-B2E9-C17BC7B14E66} = {07FDBCA5-FAF8-47C5-942B-6E5478C38B40}
		{94D0DDB5-BACC-43EF-80D4-AE799F51CEEA} = {07FDBCA5-FAF8-47C5-942B-6E5478C38B40}
	EndGlobalSection
	GlobalSection(ExtensibilityGlobals) = postSolution
		SolutionGuid = {1FD4D8B4-B10E-4D1A-9BB2-2690423DDA46}
	EndGlobalSection
EndGlobal
