
Microsoft Visual Studio Solution File, Format Version 12.00
# Visual Studio Version 16
VisualStudioVersion = 16.6.30114.105
MinimumVisualStudioVersion = 10.0.40219.1
Project("{2150E333-8FDC-42A3-9474-1A3956D46DE8}") = "src", "src", "{5E59C222-AC44-470E-9216-EAC764231996}"
EndProject
Project("{2150E333-8FDC-42A3-9474-1A3956D46DE8}") = "03_Framework", "03_Framework", "{5E59C222-AC44-470E-9216-EAC764231997}"
EndProject
Project("{2150E333-8FDC-42A3-9474-1A3956D46DE8}") = "01_Modules", "01_Modules", "{5E59C222-AC44-470E-9216-EAC764231998}"
EndProject
Project("{2150E333-8FDC-42A3-9474-1A3956D46DE8}") = "00_Host", "00_Host", "{263FEEE4-9B66-45AD-B3A1-4EE87AA5545E}"
EndProject
Project("{9A19103F-16F7-4668-BE54-9A1E7A4F7556}") = "WebHost", "src\Host\WebHost\WebHost.csproj", "{C4BC8CF2-ECB5-4418-9814-F7E586341D74}"
EndProject
Project("{2150E333-8FDC-42A3-9474-1A3956D46DE8}") = "Admin", "Admin", "{F3855FEB-69F2-4B60-936D-3C3B809D3933}"
EndProject
Project("{9A19103F-16F7-4668-BE54-9A1E7A4F7556}") = "Web", "src\Modules\Admin\Web\Web.csproj", "{1FBC3D20-50B4-4B16-B410-69835F55FC1F}"
EndProject
Project("{2150E333-8FDC-42A3-9474-1A3956D46DE8}") = "00_Module", "00_Module", "{CD2EB848-5965-4F33-8BD7-67DCD8F34CDA}"
EndProject
Project("{9A19103F-16F7-4668-BE54-9A1E7A4F7556}") = "Module.Abstractions", "src\Framework\Module\Module.Abstractions\Module.Abstractions.csproj", "{4AE34BEF-240D-4D1E-96AF-947907631E1A}"
EndProject
Global
	GlobalSection(SolutionConfigurationPlatforms) = preSolution
		Debug|Any CPU = Debug|Any CPU
		Debug|x64 = Debug|x64
		Debug|x86 = Debug|x86
		Release|Any CPU = Release|Any CPU
		Release|x64 = Release|x64
		Release|x86 = Release|x86
	EndGlobalSection
	GlobalSection(ProjectConfigurationPlatforms) = postSolution
		{C4BC8CF2-ECB5-4418-9814-F7E586341D74}.Debug|Any CPU.ActiveCfg = Debug|Any CPU
		{C4BC8CF2-ECB5-4418-9814-F7E586341D74}.Debug|Any CPU.Build.0 = Debug|Any CPU
		{C4BC8CF2-ECB5-4418-9814-F7E586341D74}.Debug|x64.ActiveCfg = Debug|Any CPU
		{C4BC8CF2-ECB5-4418-9814-F7E586341D74}.Debug|x64.Build.0 = Debug|Any CPU
		{C4BC8CF2-ECB5-4418-9814-F7E586341D74}.Debug|x86.ActiveCfg = Debug|Any CPU
		{C4BC8CF2-ECB5-4418-9814-F7E586341D74}.Debug|x86.Build.0 = Debug|Any CPU
		{C4BC8CF2-ECB5-4418-9814-F7E586341D74}.Release|Any CPU.ActiveCfg = Release|Any CPU
		{C4BC8CF2-ECB5-4418-9814-F7E586341D74}.Release|Any CPU.Build.0 = Release|Any CPU
		{C4BC8CF2-ECB5-4418-9814-F7E586341D74}.Release|x64.ActiveCfg = Release|Any CPU
		{C4BC8CF2-ECB5-4418-9814-F7E586341D74}.Release|x64.Build.0 = Release|Any CPU
		{C4BC8CF2-ECB5-4418-9814-F7E586341D74}.Release|x86.ActiveCfg = Release|Any CPU
		{C4BC8CF2-ECB5-4418-9814-F7E586341D74}.Release|x86.Build.0 = Release|Any CPU
		{1FBC3D20-50B4-4B16-B410-69835F55FC1F}.Debug|Any CPU.ActiveCfg = Debug|Any CPU
		{1FBC3D20-50B4-4B16-B410-69835F55FC1F}.Debug|Any CPU.Build.0 = Debug|Any CPU
		{1FBC3D20-50B4-4B16-B410-69835F55FC1F}.Debug|x64.ActiveCfg = Debug|Any CPU
		{1FBC3D20-50B4-4B16-B410-69835F55FC1F}.Debug|x64.Build.0 = Debug|Any CPU
		{1FBC3D20-50B4-4B16-B410-69835F55FC1F}.Debug|x86.ActiveCfg = Debug|Any CPU
		{1FBC3D20-50B4-4B16-B410-69835F55FC1F}.Debug|x86.Build.0 = Debug|Any CPU
		{1FBC3D20-50B4-4B16-B410-69835F55FC1F}.Release|Any CPU.ActiveCfg = Release|Any CPU
		{1FBC3D20-50B4-4B16-B410-69835F55FC1F}.Release|Any CPU.Build.0 = Release|Any CPU
		{1FBC3D20-50B4-4B16-B410-69835F55FC1F}.Release|x64.ActiveCfg = Release|Any CPU
		{1FBC3D20-50B4-4B16-B410-69835F55FC1F}.Release|x64.Build.0 = Release|Any CPU
		{1FBC3D20-50B4-4B16-B410-69835F55FC1F}.Release|x86.ActiveCfg = Release|Any CPU
		{1FBC3D20-50B4-4B16-B410-69835F55FC1F}.Release|x86.Build.0 = Release|Any CPU
		{4AE34BEF-240D-4D1E-96AF-947907631E1A}.Debug|Any CPU.ActiveCfg = Debug|Any CPU
		{4AE34BEF-240D-4D1E-96AF-947907631E1A}.Debug|Any CPU.Build.0 = Debug|Any CPU
		{4AE34BEF-240D-4D1E-96AF-947907631E1A}.Debug|x64.ActiveCfg = Debug|Any CPU
		{4AE34BEF-240D-4D1E-96AF-947907631E1A}.Debug|x64.Build.0 = Debug|Any CPU
		{4AE34BEF-240D-4D1E-96AF-947907631E1A}.Debug|x86.ActiveCfg = Debug|Any CPU
		{4AE34BEF-240D-4D1E-96AF-947907631E1A}.Debug|x86.Build.0 = Debug|Any CPU
		{4AE34BEF-240D-4D1E-96AF-947907631E1A}.Release|Any CPU.ActiveCfg = Release|Any CPU
		{4AE34BEF-240D-4D1E-96AF-947907631E1A}.Release|Any CPU.Build.0 = Release|Any CPU
		{4AE34BEF-240D-4D1E-96AF-947907631E1A}.Release|x64.ActiveCfg = Release|Any CPU
		{4AE34BEF-240D-4D1E-96AF-947907631E1A}.Release|x64.Build.0 = Release|Any CPU
		{4AE34BEF-240D-4D1E-96AF-947907631E1A}.Release|x86.ActiveCfg = Release|Any CPU
		{4AE34BEF-240D-4D1E-96AF-947907631E1A}.Release|x86.Build.0 = Release|Any CPU
	EndGlobalSection
	GlobalSection(SolutionProperties) = preSolution
		HideSolutionNode = FALSE
	EndGlobalSection
	GlobalSection(NestedProjects) = preSolution
		{5E59C222-AC44-470E-9216-EAC764231997} = {5E59C222-AC44-470E-9216-EAC764231996}
		{5E59C222-AC44-470E-9216-EAC764231998} = {5E59C222-AC44-470E-9216-EAC764231996}
		{263FEEE4-9B66-45AD-B3A1-4EE87AA5545E} = {5E59C222-AC44-470E-9216-EAC764231996}
		{C4BC8CF2-ECB5-4418-9814-F7E586341D74} = {263FEEE4-9B66-45AD-B3A1-4EE87AA5545E}
		{F3855FEB-69F2-4B60-936D-3C3B809D3933} = {5E59C222-AC44-470E-9216-EAC764231998}
		{1FBC3D20-50B4-4B16-B410-69835F55FC1F} = {F3855FEB-69F2-4B60-936D-3C3B809D3933}
		{CD2EB848-5965-4F33-8BD7-67DCD8F34CDA} = {5E59C222-AC44-470E-9216-EAC764231997}
		{4AE34BEF-240D-4D1E-96AF-947907631E1A} = {CD2EB848-5965-4F33-8BD7-67DCD8F34CDA}
	EndGlobalSection
	GlobalSection(ExtensibilityGlobals) = postSolution
		SolutionGuid = {1FD4D8B4-B10E-4D1A-9BB2-2690423DDA46}
	EndGlobalSection
EndGlobal
